// !$*UTF8*$!
{
	archiveVersion = 1;
	classes = {
	};
	objectVersion = 56;
	objects = {

/* Begin PBXBuildFile section */
		3137C4102A55721C00746318 /* CustomUIView.swift in Sources */ = {isa = PBXBuildFile; fileRef = 3137C40F2A55721C00746318 /* CustomUIView.swift */; };
		3137C4122A55724D00746318 /* CustomGradientView.swift in Sources */ = {isa = PBXBuildFile; fileRef = 3137C4112A55724D00746318 /* CustomGradientView.swift */; };
		3137C4142A55727600746318 /* CustomLabel.swift in Sources */ = {isa = PBXBuildFile; fileRef = 3137C4132A55727600746318 /* CustomLabel.swift */; };
		3137C4162A55729D00746318 /* CustomButton.swift in Sources */ = {isa = PBXBuildFile; fileRef = 3137C4152A55729D00746318 /* CustomButton.swift */; };
		3137C4182A5572BE00746318 /* CustomColorButton.swift in Sources */ = {isa = PBXBuildFile; fileRef = 3137C4172A5572BE00746318 /* CustomColorButton.swift */; };
		3137C41A2A55833400746318 /* UIColorExtexnsion.swift in Sources */ = {isa = PBXBuildFile; fileRef = 3137C4192A55833400746318 /* UIColorExtexnsion.swift */; };
		3137C41C2A5583D100746318 /* User.swift in Sources */ = {isa = PBXBuildFile; fileRef = 3137C41B2A5583D100746318 /* User.swift */; };
		3137C41E2A5583E500746318 /* Dog.swift in Sources */ = {isa = PBXBuildFile; fileRef = 3137C41D2A5583E500746318 /* Dog.swift */; };
		3137C4202A55840100746318 /* Solution.swift in Sources */ = {isa = PBXBuildFile; fileRef = 3137C41F2A55840100746318 /* Solution.swift */; };
		31C1F30B2A548D8D00E42C4A /* AppDelegate.swift in Sources */ = {isa = PBXBuildFile; fileRef = 31C1F30A2A548D8D00E42C4A /* AppDelegate.swift */; };
		31C1F30D2A548D8D00E42C4A /* SceneDelegate.swift in Sources */ = {isa = PBXBuildFile; fileRef = 31C1F30C2A548D8D00E42C4A /* SceneDelegate.swift */; };
		31C1F30F2A548D8D00E42C4A /* ViewController.swift in Sources */ = {isa = PBXBuildFile; fileRef = 31C1F30E2A548D8D00E42C4A /* ViewController.swift */; };
		31C1F3142A548D8E00E42C4A /* Assets.xcassets in Resources */ = {isa = PBXBuildFile; fileRef = 31C1F3132A548D8E00E42C4A /* Assets.xcassets */; };
		31C1F3172A548D8E00E42C4A /* LaunchScreen.storyboard in Resources */ = {isa = PBXBuildFile; fileRef = 31C1F3152A548D8E00E42C4A /* LaunchScreen.storyboard */; };
/* End PBXBuildFile section */

/* Begin PBXFileReference section */
		3137C40F2A55721C00746318 /* CustomUIView.swift */ = {isa = PBXFileReference; lastKnownFileType = sourcecode.swift; path = CustomUIView.swift; sourceTree = "<group>"; };
		3137C4112A55724D00746318 /* CustomGradientView.swift */ = {isa = PBXFileReference; lastKnownFileType = sourcecode.swift; path = CustomGradientView.swift; sourceTree = "<group>"; };
		3137C4132A55727600746318 /* CustomLabel.swift */ = {isa = PBXFileReference; lastKnownFileType = sourcecode.swift; path = CustomLabel.swift; sourceTree = "<group>"; };
		3137C4152A55729D00746318 /* CustomButton.swift */ = {isa = PBXFileReference; lastKnownFileType = sourcecode.swift; path = CustomButton.swift; sourceTree = "<group>"; };
		3137C4172A5572BE00746318 /* CustomColorButton.swift */ = {isa = PBXFileReference; lastKnownFileType = sourcecode.swift; path = CustomColorButton.swift; sourceTree = "<group>"; };
		3137C4192A55833400746318 /* UIColorExtexnsion.swift */ = {isa = PBXFileReference; lastKnownFileType = sourcecode.swift; path = UIColorExtexnsion.swift; sourceTree = "<group>"; };
		3137C41B2A5583D100746318 /* User.swift */ = {isa = PBXFileReference; lastKnownFileType = sourcecode.swift; path = User.swift; sourceTree = "<group>"; };
		3137C41D2A5583E500746318 /* Dog.swift */ = {isa = PBXFileReference; lastKnownFileType = sourcecode.swift; path = Dog.swift; sourceTree = "<group>"; };
		3137C41F2A55840100746318 /* Solution.swift */ = {isa = PBXFileReference; lastKnownFileType = sourcecode.swift; path = Solution.swift; sourceTree = "<group>"; };
		31C1F3072A548D8D00E42C4A /* WhatsDog_app.app */ = {isa = PBXFileReference; explicitFileType = wrapper.application; includeInIndex = 0; path = WhatsDog_app.app; sourceTree = BUILT_PRODUCTS_DIR; };
		31C1F30A2A548D8D00E42C4A /* AppDelegate.swift */ = {isa = PBXFileReference; lastKnownFileType = sourcecode.swift; path = AppDelegate.swift; sourceTree = "<group>"; };
		31C1F30C2A548D8D00E42C4A /* SceneDelegate.swift */ = {isa = PBXFileReference; lastKnownFileType = sourcecode.swift; path = SceneDelegate.swift; sourceTree = "<group>"; };
		31C1F30E2A548D8D00E42C4A /* ViewController.swift */ = {isa = PBXFileReference; lastKnownFileType = sourcecode.swift; path = ViewController.swift; sourceTree = "<group>"; };
		31C1F3132A548D8E00E42C4A /* Assets.xcassets */ = {isa = PBXFileReference; lastKnownFileType = folder.assetcatalog; path = Assets.xcassets; sourceTree = "<group>"; };
		31C1F3162A548D8E00E42C4A /* Base */ = {isa = PBXFileReference; lastKnownFileType = file.storyboard; name = Base; path = Base.lproj/LaunchScreen.storyboard; sourceTree = "<group>"; };
		31C1F3182A548D8E00E42C4A /* Info.plist */ = {isa = PBXFileReference; lastKnownFileType = text.plist.xml; path = Info.plist; sourceTree = "<group>"; };
/* End PBXFileReference section */

/* Begin PBXFrameworksBuildPhase section */
		31C1F3042A548D8D00E42C4A /* Frameworks */ = {
			isa = PBXFrameworksBuildPhase;
			buildActionMask = 2147483647;
			files = (
			);
			runOnlyForDeploymentPostprocessing = 0;
		};
/* End PBXFrameworksBuildPhase section */

/* Begin PBXGroup section */
		3137C40C2A5571E200746318 /* CustomUIView */ = {
			isa = PBXGroup;
			children = (
				3137C40F2A55721C00746318 /* CustomUIView.swift */,
				3137C4112A55724D00746318 /* CustomGradientView.swift */,
			);
			path = CustomUIView;
			sourceTree = "<group>";
		};
		3137C40D2A5571ED00746318 /* CustomLabels */ = {
			isa = PBXGroup;
			children = (
				3137C4132A55727600746318 /* CustomLabel.swift */,
			);
			path = CustomLabels;
			sourceTree = "<group>";
		};
		3137C40E2A5571F600746318 /* CustomButtons */ = {
			isa = PBXGroup;
			children = (
				3137C4152A55729D00746318 /* CustomButton.swift */,
				3137C4172A5572BE00746318 /* CustomColorButton.swift */,
			);
			path = CustomButtons;
			sourceTree = "<group>";
		};
		31C1F2FE2A548D8D00E42C4A = {
			isa = PBXGroup;
			children = (
				31C1F3092A548D8D00E42C4A /* WhatsDog_app */,
				31C1F3082A548D8D00E42C4A /* Products */,
			);
			sourceTree = "<group>";
		};
		31C1F3082A548D8D00E42C4A /* Products */ = {
			isa = PBXGroup;
			children = (
				31C1F3072A548D8D00E42C4A /* WhatsDog_app.app */,
			);
			name = Products;
			sourceTree = "<group>";
		};
		31C1F3092A548D8D00E42C4A /* WhatsDog_app */ = {
			isa = PBXGroup;
			children = (
				31C1F3B62A556F6A00E42C4A /* QuestionProcess */,
				31C1F3B72A556F7400E42C4A /* Main */,
				31C1F3B82A556F8000E42C4A /* FriendsData */,
				31C1F3B92A556F8F00E42C4A /* Core */,
				31C1F3BA2A556F9500E42C4A /* Extensions */,
				31C1F3BB2A556F9C00E42C4A /* Custom_UIElements */,
				31C1F3BC2A556FA900E42C4A /* Application */,
				31C1F3BD2A556FC200E42C4A /* Resources */,
			);
			path = WhatsDog_app;
			sourceTree = "<group>";
		};
		31C1F3B62A556F6A00E42C4A /* QuestionProcess */ = {
			isa = PBXGroup;
			children = (
			);
			path = QuestionProcess;
			sourceTree = "<group>";
		};
		31C1F3B72A556F7400E42C4A /* Main */ = {
			isa = PBXGroup;
			children = (
				31C1F30E2A548D8D00E42C4A /* ViewController.swift */,
			);
			path = Main;
			sourceTree = "<group>";
		};
		31C1F3B82A556F8000E42C4A /* FriendsData */ = {
			isa = PBXGroup;
			children = (
			);
			path = FriendsData;
			sourceTree = "<group>";
		};
		31C1F3B92A556F8F00E42C4A /* Core */ = {
			isa = PBXGroup;
			children = (
				3137C41B2A5583D100746318 /* User.swift */,
				3137C41D2A5583E500746318 /* Dog.swift */,
				3137C41F2A55840100746318 /* Solution.swift */,
			);
			path = Core;
			sourceTree = "<group>";
		};
		31C1F3BA2A556F9500E42C4A /* Extensions */ = {
			isa = PBXGroup;
			children = (
				3137C4192A55833400746318 /* UIColorExtexnsion.swift */,
			);
			path = Extensions;
			sourceTree = "<group>";
		};
		31C1F3BB2A556F9C00E42C4A /* Custom_UIElements */ = {
			isa = PBXGroup;
			children = (
				3137C40C2A5571E200746318 /* CustomUIView */,
				3137C40D2A5571ED00746318 /* CustomLabels */,
				3137C40E2A5571F600746318 /* CustomButtons */,
			);
			path = Custom_UIElements;
			sourceTree = "<group>";
		};
		31C1F3BC2A556FA900E42C4A /* Application */ = {
			isa = PBXGroup;
			children = (
				31C1F30A2A548D8D00E42C4A /* AppDelegate.swift */,
				31C1F30C2A548D8D00E42C4A /* SceneDelegate.swift */,
			);
			path = Application;
			sourceTree = "<group>";
		};
		31C1F3BD2A556FC200E42C4A /* Resources */ = {
			isa = PBXGroup;
			children = (
				31C1F3132A548D8E00E42C4A /* Assets.xcassets */,
				31C1F3152A548D8E00E42C4A /* LaunchScreen.storyboard */,
				31C1F3182A548D8E00E42C4A /* Info.plist */,
			);
			path = Resources;
			sourceTree = "<group>";
		};
/* End PBXGroup section */

/* Begin PBXNativeTarget section */
		31C1F3062A548D8D00E42C4A /* WhatsDog_app */ = {
			isa = PBXNativeTarget;
			buildConfigurationList = 31C1F31B2A548D8E00E42C4A /* Build configuration list for PBXNativeTarget "WhatsDog_app" */;
			buildPhases = (
				31C1F3032A548D8D00E42C4A /* Sources */,
				31C1F3042A548D8D00E42C4A /* Frameworks */,
				31C1F3052A548D8D00E42C4A /* Resources */,
			);
			buildRules = (
			);
			dependencies = (
			);
			name = WhatsDog_app;
			productName = WhatsDog_app;
			productReference = 31C1F3072A548D8D00E42C4A /* WhatsDog_app.app */;
			productType = "com.apple.product-type.application";
		};
/* End PBXNativeTarget section */

/* Begin PBXProject section */
		31C1F2FF2A548D8D00E42C4A /* Project object */ = {
			isa = PBXProject;
			attributes = {
				BuildIndependentTargetsInParallel = 1;
				LastSwiftUpdateCheck = 1430;
				LastUpgradeCheck = 1430;
				TargetAttributes = {
					31C1F3062A548D8D00E42C4A = {
						CreatedOnToolsVersion = 14.3;
					};
				};
			};
			buildConfigurationList = 31C1F3022A548D8D00E42C4A /* Build configuration list for PBXProject "WhatsDog_app" */;
			compatibilityVersion = "Xcode 14.0";
			developmentRegion = en;
			hasScannedForEncodings = 0;
			knownRegions = (
				en,
				Base,
			);
			mainGroup = 31C1F2FE2A548D8D00E42C4A;
			productRefGroup = 31C1F3082A548D8D00E42C4A /* Products */;
			projectDirPath = "";
			projectRoot = "";
			targets = (
				31C1F3062A548D8D00E42C4A /* WhatsDog_app */,
			);
		};
/* End PBXProject section */

/* Begin PBXResourcesBuildPhase section */
		31C1F3052A548D8D00E42C4A /* Resources */ = {
			isa = PBXResourcesBuildPhase;
			buildActionMask = 2147483647;
			files = (
				31C1F3172A548D8E00E42C4A /* LaunchScreen.storyboard in Resources */,
				31C1F3142A548D8E00E42C4A /* Assets.xcassets in Resources */,
			);
			runOnlyForDeploymentPostprocessing = 0;
		};
/* End PBXResourcesBuildPhase section */

/* Begin PBXSourcesBuildPhase section */
		31C1F3032A548D8D00E42C4A /* Sources */ = {
			isa = PBXSourcesBuildPhase;
			buildActionMask = 2147483647;
			files = (
				3137C4182A5572BE00746318 /* CustomColorButton.swift in Sources */,
				31C1F30F2A548D8D00E42C4A /* ViewController.swift in Sources */,
				3137C4202A55840100746318 /* Solution.swift in Sources */,
				3137C4142A55727600746318 /* CustomLabel.swift in Sources */,
				3137C4102A55721C00746318 /* CustomUIView.swift in Sources */,
				31C1F30B2A548D8D00E42C4A /* AppDelegate.swift in Sources */,
				3137C41E2A5583E500746318 /* Dog.swift in Sources */,
				3137C41A2A55833400746318 /* UIColorExtexnsion.swift in Sources */,
				3137C4162A55729D00746318 /* CustomButton.swift in Sources */,
				31C1F30D2A548D8D00E42C4A /* SceneDelegate.swift in Sources */,
				3137C41C2A5583D100746318 /* User.swift in Sources */,
				3137C4122A55724D00746318 /* CustomGradientView.swift in Sources */,
			);
			runOnlyForDeploymentPostprocessing = 0;
		};
/* End PBXSourcesBuildPhase section */

/* Begin PBXVariantGroup section */
		31C1F3152A548D8E00E42C4A /* LaunchScreen.storyboard */ = {
			isa = PBXVariantGroup;
			children = (
				31C1F3162A548D8E00E42C4A /* Base */,
			);
			name = LaunchScreen.storyboard;
			sourceTree = "<group>";
		};
/* End PBXVariantGroup section */

/* Begin XCBuildConfiguration section */
		31C1F3192A548D8E00E42C4A /* Debug */ = {
			isa = XCBuildConfiguration;
			buildSettings = {
				ALWAYS_SEARCH_USER_PATHS = NO;
				CLANG_ANALYZER_NONNULL = YES;
				CLANG_ANALYZER_NUMBER_OBJECT_CONVERSION = YES_AGGRESSIVE;
				CLANG_CXX_LANGUAGE_STANDARD = "gnu++20";
				CLANG_ENABLE_MODULES = YES;
				CLANG_ENABLE_OBJC_ARC = YES;
				CLANG_ENABLE_OBJC_WEAK = YES;
				CLANG_WARN_BLOCK_CAPTURE_AUTORELEASING = YES;
				CLANG_WARN_BOOL_CONVERSION = YES;
				CLANG_WARN_COMMA = YES;
				CLANG_WARN_CONSTANT_CONVERSION = YES;
				CLANG_WARN_DEPRECATED_OBJC_IMPLEMENTATIONS = YES;
				CLANG_WARN_DIRECT_OBJC_ISA_USAGE = YES_ERROR;
				CLANG_WARN_DOCUMENTATION_COMMENTS = YES;
				CLANG_WARN_EMPTY_BODY = YES;
				CLANG_WARN_ENUM_CONVERSION = YES;
				CLANG_WARN_INFINITE_RECURSION = YES;
				CLANG_WARN_INT_CONVERSION = YES;
				CLANG_WARN_NON_LITERAL_NULL_CONVERSION = YES;
				CLANG_WARN_OBJC_IMPLICIT_RETAIN_SELF = YES;
				CLANG_WARN_OBJC_LITERAL_CONVERSION = YES;
				CLANG_WARN_OBJC_ROOT_CLASS = YES_ERROR;
				CLANG_WARN_QUOTED_INCLUDE_IN_FRAMEWORK_HEADER = YES;
				CLANG_WARN_RANGE_LOOP_ANALYSIS = YES;
				CLANG_WARN_STRICT_PROTOTYPES = YES;
				CLANG_WARN_SUSPICIOUS_MOVE = YES;
				CLANG_WARN_UNGUARDED_AVAILABILITY = YES_AGGRESSIVE;
				CLANG_WARN_UNREACHABLE_CODE = YES;
				CLANG_WARN__DUPLICATE_METHOD_MATCH = YES;
				COPY_PHASE_STRIP = NO;
				DEBUG_INFORMATION_FORMAT = dwarf;
				ENABLE_STRICT_OBJC_MSGSEND = YES;
				ENABLE_TESTABILITY = YES;
				GCC_C_LANGUAGE_STANDARD = gnu11;
				GCC_DYNAMIC_NO_PIC = NO;
				GCC_NO_COMMON_BLOCKS = YES;
				GCC_OPTIMIZATION_LEVEL = 0;
				GCC_PREPROCESSOR_DEFINITIONS = (
					"DEBUG=1",
					"$(inherited)",
				);
				GCC_WARN_64_TO_32_BIT_CONVERSION = YES;
				GCC_WARN_ABOUT_RETURN_TYPE = YES_ERROR;
				GCC_WARN_UNDECLARED_SELECTOR = YES;
				GCC_WARN_UNINITIALIZED_AUTOS = YES_AGGRESSIVE;
				GCC_WARN_UNUSED_FUNCTION = YES;
				GCC_WARN_UNUSED_VARIABLE = YES;
				IPHONEOS_DEPLOYMENT_TARGET = 16.4;
				MTL_ENABLE_DEBUG_INFO = INCLUDE_SOURCE;
				MTL_FAST_MATH = YES;
				ONLY_ACTIVE_ARCH = YES;
				SDKROOT = iphoneos;
				SWIFT_ACTIVE_COMPILATION_CONDITIONS = DEBUG;
				SWIFT_OPTIMIZATION_LEVEL = "-Onone";
			};
			name = Debug;
		};
		31C1F31A2A548D8E00E42C4A /* Release */ = {
			isa = XCBuildConfiguration;
			buildSettings = {
				ALWAYS_SEARCH_USER_PATHS = NO;
				CLANG_ANALYZER_NONNULL = YES;
				CLANG_ANALYZER_NUMBER_OBJECT_CONVERSION = YES_AGGRESSIVE;
				CLANG_CXX_LANGUAGE_STANDARD = "gnu++20";
				CLANG_ENABLE_MODULES = YES;
				CLANG_ENABLE_OBJC_ARC = YES;
				CLANG_ENABLE_OBJC_WEAK = YES;
				CLANG_WARN_BLOCK_CAPTURE_AUTORELEASING = YES;
				CLANG_WARN_BOOL_CONVERSION = YES;
				CLANG_WARN_COMMA = YES;
				CLANG_WARN_CONSTANT_CONVERSION = YES;
				CLANG_WARN_DEPRECATED_OBJC_IMPLEMENTATIONS = YES;
				CLANG_WARN_DIRECT_OBJC_ISA_USAGE = YES_ERROR;
				CLANG_WARN_DOCUMENTATION_COMMENTS = YES;
				CLANG_WARN_EMPTY_BODY = YES;
				CLANG_WARN_ENUM_CONVERSION = YES;
				CLANG_WARN_INFINITE_RECURSION = YES;
				CLANG_WARN_INT_CONVERSION = YES;
				CLANG_WARN_NON_LITERAL_NULL_CONVERSION = YES;
				CLANG_WARN_OBJC_IMPLICIT_RETAIN_SELF = YES;
				CLANG_WARN_OBJC_LITERAL_CONVERSION = YES;
				CLANG_WARN_OBJC_ROOT_CLASS = YES_ERROR;
				CLANG_WARN_QUOTED_INCLUDE_IN_FRAMEWORK_HEADER = YES;
				CLANG_WARN_RANGE_LOOP_ANALYSIS = YES;
				CLANG_WARN_STRICT_PROTOTYPES = YES;
				CLANG_WARN_SUSPICIOUS_MOVE = YES;
				CLANG_WARN_UNGUARDED_AVAILABILITY = YES_AGGRESSIVE;
				CLANG_WARN_UNREACHABLE_CODE = YES;
				CLANG_WARN__DUPLICATE_METHOD_MATCH = YES;
				COPY_PHASE_STRIP = NO;
				DEBUG_INFORMATION_FORMAT = "dwarf-with-dsym";
				ENABLE_NS_ASSERTIONS = NO;
				ENABLE_STRICT_OBJC_MSGSEND = YES;
				GCC_C_LANGUAGE_STANDARD = gnu11;
				GCC_NO_COMMON_BLOCKS = YES;
				GCC_WARN_64_TO_32_BIT_CONVERSION = YES;
				GCC_WARN_ABOUT_RETURN_TYPE = YES_ERROR;
				GCC_WARN_UNDECLARED_SELECTOR = YES;
				GCC_WARN_UNINITIALIZED_AUTOS = YES_AGGRESSIVE;
				GCC_WARN_UNUSED_FUNCTION = YES;
				GCC_WARN_UNUSED_VARIABLE = YES;
				IPHONEOS_DEPLOYMENT_TARGET = 16.4;
				MTL_ENABLE_DEBUG_INFO = NO;
				MTL_FAST_MATH = YES;
				SDKROOT = iphoneos;
				SWIFT_COMPILATION_MODE = wholemodule;
				SWIFT_OPTIMIZATION_LEVEL = "-O";
				VALIDATE_PRODUCT = YES;
			};
			name = Release;
		};
		31C1F31C2A548D8E00E42C4A /* Debug */ = {
			isa = XCBuildConfiguration;
			buildSettings = {
				ASSETCATALOG_COMPILER_APPICON_NAME = AppIcon;
				ASSETCATALOG_COMPILER_GLOBAL_ACCENT_COLOR_NAME = AccentColor;
				CODE_SIGN_STYLE = Automatic;
				CURRENT_PROJECT_VERSION = 1;
				DEVELOPMENT_TEAM = 4664P6ML3F;
				GENERATE_INFOPLIST_FILE = YES;
				INFOPLIST_FILE = WhatsDog_app/Resources/Info.plist;
				INFOPLIST_KEY_UIApplicationSupportsIndirectInputEvents = YES;
				INFOPLIST_KEY_UILaunchStoryboardName = LaunchScreen;
				INFOPLIST_KEY_UISupportedInterfaceOrientations_iPad = "UIInterfaceOrientationPortrait UIInterfaceOrientationPortraitUpsideDown UIInterfaceOrientationLandscapeLeft UIInterfaceOrientationLandscapeRight";
				INFOPLIST_KEY_UISupportedInterfaceOrientations_iPhone = "UIInterfaceOrientationPortrait UIInterfaceOrientationLandscapeLeft UIInterfaceOrientationLandscapeRight";
				LD_RUNPATH_SEARCH_PATHS = (
					"$(inherited)",
					"@executable_path/Frameworks",
				);
				MARKETING_VERSION = 1.0;
				PRODUCT_BUNDLE_IDENTIFIER = "Roman-dev.WhatsDog-app";
				PRODUCT_NAME = "$(TARGET_NAME)";
				SWIFT_EMIT_LOC_STRINGS = YES;
				SWIFT_VERSION = 5.0;
				TARGETED_DEVICE_FAMILY = "1,2";
			};
			name = Debug;
		};
		31C1F31D2A548D8E00E42C4A /* Release */ = {
			isa = XCBuildConfiguration;
			buildSettings = {
				ASSETCATALOG_COMPILER_APPICON_NAME = AppIcon;
				ASSETCATALOG_COMPILER_GLOBAL_ACCENT_COLOR_NAME = AccentColor;
				CODE_SIGN_STYLE = Automatic;
				CURRENT_PROJECT_VERSION = 1;
				DEVELOPMENT_TEAM = 4664P6ML3F;
				GENERATE_INFOPLIST_FILE = YES;
				INFOPLIST_FILE = WhatsDog_app/Resources/Info.plist;
				INFOPLIST_KEY_UIApplicationSupportsIndirectInputEvents = YES;
				INFOPLIST_KEY_UILaunchStoryboardName = LaunchScreen;
				INFOPLIST_KEY_UISupportedInterfaceOrientations_iPad = "UIInterfaceOrientationPortrait UIInterfaceOrientationPortraitUpsideDown UIInterfaceOrientationLandscapeLeft UIInterfaceOrientationLandscapeRight";
				INFOPLIST_KEY_UISupportedInterfaceOrientations_iPhone = "UIInterfaceOrientationPortrait UIInterfaceOrientationLandscapeLeft UIInterfaceOrientationLandscapeRight";
				LD_RUNPATH_SEARCH_PATHS = (
					"$(inherited)",
					"@executable_path/Frameworks",
				);
				MARKETING_VERSION = 1.0;
				PRODUCT_BUNDLE_IDENTIFIER = "Roman-dev.WhatsDog-app";
				PRODUCT_NAME = "$(TARGET_NAME)";
				SWIFT_EMIT_LOC_STRINGS = YES;
				SWIFT_VERSION = 5.0;
				TARGETED_DEVICE_FAMILY = "1,2";
			};
			name = Release;
		};
/* End XCBuildConfiguration section */

/* Begin XCConfigurationList section */
		31C1F3022A548D8D00E42C4A /* Build configuration list for PBXProject "WhatsDog_app" */ = {
			isa = XCConfigurationList;
			buildConfigurations = (
				31C1F3192A548D8E00E42C4A /* Debug */,
				31C1F31A2A548D8E00E42C4A /* Release */,
			);
			defaultConfigurationIsVisible = 0;
			defaultConfigurationName = Release;
		};
		31C1F31B2A548D8E00E42C4A /* Build configuration list for PBXNativeTarget "WhatsDog_app" */ = {
			isa = XCConfigurationList;
			buildConfigurations = (
				31C1F31C2A548D8E00E42C4A /* Debug */,
				31C1F31D2A548D8E00E42C4A /* Release */,
			);
			defaultConfigurationIsVisible = 0;
			defaultConfigurationName = Release;
		};
/* End XCConfigurationList section */
	};
	rootObject = 31C1F2FF2A548D8D00E42C4A /* Project object */;
}
